// !$*UTF8*$!
{
	archiveVersion = 1;
	classes = {
	};
	objectVersion = 56;
	objects = {

/* Begin PBXBuildFile section */
		C356EBA52BEB5F65003E31FD /* RepositoryWSP.swift in Sources */ = {isa = PBXBuildFile; fileRef = C356EBA42BEB5F65003E31FD /* RepositoryWSP.swift */; };
		C356EBA72BEB6199003E31FD /* ProxyWSP.swift in Sources */ = {isa = PBXBuildFile; fileRef = C356EBA62BEB6199003E31FD /* ProxyWSP.swift */; };
		C356EBAC2BEB6A3F003E31FD /* RepositoryLocalStorage.swift in Sources */ = {isa = PBXBuildFile; fileRef = C356EBAB2BEB6A3F003E31FD /* RepositoryLocalStorage.swift */; };
		C356EBAF2BEB6A9D003E31FD /* LocalStorageData.swift in Sources */ = {isa = PBXBuildFile; fileRef = C356EBAE2BEB6A9D003E31FD /* LocalStorageData.swift */; };
		C356EBB12BEB6BEE003E31FD /* GetImagesUseCase.swift in Sources */ = {isa = PBXBuildFile; fileRef = C356EBB02BEB6BEE003E31FD /* GetImagesUseCase.swift */; };
		C356EBB42BEE124C003E31FD /* ToFromImageItem.swift in Sources */ = {isa = PBXBuildFile; fileRef = C356EBB32BEE124C003E31FD /* ToFromImageItem.swift */; };
		C356EBB62BEE12AC003E31FD /* ImageItem.swift in Sources */ = {isa = PBXBuildFile; fileRef = C356EBB52BEE12AC003E31FD /* ImageItem.swift */; };
		C35FDF3F2BDB133300CF97C8 /* GetPostsUseCase.swift in Sources */ = {isa = PBXBuildFile; fileRef = C35FDF3E2BDB133300CF97C8 /* GetPostsUseCase.swift */; };
		C35FDF422BDB215F00CF97C8 /* di.swift in Sources */ = {isa = PBXBuildFile; fileRef = C35FDF412BDB215F00CF97C8 /* di.swift */; };
		C35FDF442BDB825D00CF97C8 /* URLSessionInterceptor.swift in Sources */ = {isa = PBXBuildFile; fileRef = C35FDF432BDB825D00CF97C8 /* URLSessionInterceptor.swift */; };
		C39191122BDAAAC1007215D6 /* Pods_ClassicSwiftOne.framework in Frameworks */ = {isa = PBXBuildFile; fileRef = 99526F4990397D7BB884A3BF /* Pods_ClassicSwiftOne.framework */; };
		C3C808AD2BCD2A53006980D2 /* AppDelegate.swift in Sources */ = {isa = PBXBuildFile; fileRef = C3C808AC2BCD2A53006980D2 /* AppDelegate.swift */; };
		C3C808AF2BCD2A53006980D2 /* SceneDelegate.swift in Sources */ = {isa = PBXBuildFile; fileRef = C3C808AE2BCD2A53006980D2 /* SceneDelegate.swift */; };
		C3C808B12BCD2A53006980D2 /* FirstScreenViewController.swift in Sources */ = {isa = PBXBuildFile; fileRef = C3C808B02BCD2A53006980D2 /* FirstScreenViewController.swift */; };
		C3C808B62BCD2A55006980D2 /* design.xcassets in Resources */ = {isa = PBXBuildFile; fileRef = C3C808B52BCD2A55006980D2 /* design.xcassets */; };
		C3C8090D2BCECB0C006980D2 /* Localizable.xcstrings in Resources */ = {isa = PBXBuildFile; fileRef = C3C8090C2BCECB0C006980D2 /* Localizable.xcstrings */; };
		C3C809202BD14618006980D2 /* TableCell.swift in Sources */ = {isa = PBXBuildFile; fileRef = C3C8091F2BD14618006980D2 /* TableCell.swift */; };
		C3C8092A2BD2B8DE006980D2 /* media.xcassets in Resources */ = {isa = PBXBuildFile; fileRef = C3C809292BD2B8DE006980D2 /* media.xcassets */; };
		C3C809422BD2BEE7006980D2 /* nssl0033.jpg in Resources */ = {isa = PBXBuildFile; fileRef = C3C809412BD2BEE7006980D2 /* nssl0033.jpg */; };
		C3C8094C2BD2BEF7006980D2 /* nssl0045.jpg in Resources */ = {isa = PBXBuildFile; fileRef = C3C809432BD2BEF6006980D2 /* nssl0045.jpg */; };
		C3C8094D2BD2BEF7006980D2 /* nssl0042.jpg in Resources */ = {isa = PBXBuildFile; fileRef = C3C809442BD2BEF6006980D2 /* nssl0042.jpg */; };
		C3C8094E2BD2BEF7006980D2 /* nssl0034.jpg in Resources */ = {isa = PBXBuildFile; fileRef = C3C809452BD2BEF6006980D2 /* nssl0034.jpg */; };
		C3C8094F2BD2BEF7006980D2 /* nssl0051.jpg in Resources */ = {isa = PBXBuildFile; fileRef = C3C809462BD2BEF6006980D2 /* nssl0051.jpg */; };
		C3C809502BD2BEF7006980D2 /* nssl0043.jpg in Resources */ = {isa = PBXBuildFile; fileRef = C3C809472BD2BEF6006980D2 /* nssl0043.jpg */; };
		C3C809512BD2BEF7006980D2 /* nssl0049.jpg in Resources */ = {isa = PBXBuildFile; fileRef = C3C809482BD2BEF6006980D2 /* nssl0049.jpg */; };
		C3C809522BD2BEF7006980D2 /* nssl0046.jpg in Resources */ = {isa = PBXBuildFile; fileRef = C3C809492BD2BEF6006980D2 /* nssl0046.jpg */; };
		C3C809532BD2BEF7006980D2 /* nssl0091.jpg in Resources */ = {isa = PBXBuildFile; fileRef = C3C8094A2BD2BEF6006980D2 /* nssl0091.jpg */; };
		C3C809542BD2BEF7006980D2 /* nssl0041.jpg in Resources */ = {isa = PBXBuildFile; fileRef = C3C8094B2BD2BEF7006980D2 /* nssl0041.jpg */; };
		C3C809562BD65ADE006980D2 /* DetailsScreenViewController.swift in Sources */ = {isa = PBXBuildFile; fileRef = C3C809552BD65ADE006980D2 /* DetailsScreenViewController.swift */; };
		C3C809592BD66EFC006980D2 /* ScreenDetailsArg.swift in Sources */ = {isa = PBXBuildFile; fileRef = C3C809582BD66EFC006980D2 /* ScreenDetailsArg.swift */; };
		C3C8095B2BD68F24006980D2 /* ImageView.swift in Sources */ = {isa = PBXBuildFile; fileRef = C3C8095A2BD68F24006980D2 /* ImageView.swift */; };
		C3C8095F2BD6BCD9006980D2 /* ContactScreenViewController.swift in Sources */ = {isa = PBXBuildFile; fileRef = C3C8095E2BD6BCD9006980D2 /* ContactScreenViewController.swift */; };
		C3C809612BD78F04006980D2 /* WriteValueBackDelegate.swift in Sources */ = {isa = PBXBuildFile; fileRef = C3C809602BD78F04006980D2 /* WriteValueBackDelegate.swift */; };
		C3C809632BD790B3006980D2 /* ScreenNavigation.swift in Sources */ = {isa = PBXBuildFile; fileRef = C3C809622BD790B3006980D2 /* ScreenNavigation.swift */; };
		C3C809652BD7DD12006980D2 /* MainViewModel.swift in Sources */ = {isa = PBXBuildFile; fileRef = C3C809642BD7DD12006980D2 /* MainViewModel.swift */; };
		C3C809692BD7E71F006980D2 /* ErrorTypes.swift in Sources */ = {isa = PBXBuildFile; fileRef = C3C809682BD7E71F006980D2 /* ErrorTypes.swift */; };
		C3C8096E2BD8EC9E006980D2 /* DataLoaded.swift in Sources */ = {isa = PBXBuildFile; fileRef = C3C8096D2BD8EC9E006980D2 /* DataLoaded.swift */; };
		C3C809712BD91F1E006980D2 /* TimeUtils.swift in Sources */ = {isa = PBXBuildFile; fileRef = C3C809702BD91F1E006980D2 /* TimeUtils.swift */; };
		C3C809742BD927A7006980D2 /* Post.swift in Sources */ = {isa = PBXBuildFile; fileRef = C3C809732BD927A7006980D2 /* Post.swift */; };
		C3C809762BD92DCF006980D2 /* ResponseData.swift in Sources */ = {isa = PBXBuildFile; fileRef = C3C809752BD92DCF006980D2 /* ResponseData.swift */; };
		C3D0232B2BF65A4C0015A2A2 /* GetUserUseCase.swift in Sources */ = {isa = PBXBuildFile; fileRef = C3D0232A2BF65A4C0015A2A2 /* GetUserUseCase.swift */; };
		C3D023782BF735EB0015A2A2 /* User.swift in Sources */ = {isa = PBXBuildFile; fileRef = C3D023772BF735EB0015A2A2 /* User.swift */; };
		C3D0237A2BF7399F0015A2A2 /* DataBaseUtils.swift in Sources */ = {isa = PBXBuildFile; fileRef = C3D023792BF7399F0015A2A2 /* DataBaseUtils.swift */; };
		C3D0237E2BF775320015A2A2 /* NetworkMonitor.swift in Sources */ = {isa = PBXBuildFile; fileRef = C3D0237D2BF775320015A2A2 /* NetworkMonitor.swift */; };
		C3D023802BFB32BC0015A2A2 /* Tracking.swift in Sources */ = {isa = PBXBuildFile; fileRef = C3D0237F2BFB32BC0015A2A2 /* Tracking.swift */; };
		C3D023822BFB34C20015A2A2 /* SwiftDataModelContainer.swift in Sources */ = {isa = PBXBuildFile; fileRef = C3D023812BFB34C20015A2A2 /* SwiftDataModelContainer.swift */; };
		C3D023842BFB50460015A2A2 /* CoreDataModelContainer.swift in Sources */ = {isa = PBXBuildFile; fileRef = C3D023832BFB50460015A2A2 /* CoreDataModelContainer.swift */; };
		C3D023862BFB906C0015A2A2 /* BackgroundLongService.swift in Sources */ = {isa = PBXBuildFile; fileRef = C3D023852BFB906C0015A2A2 /* BackgroundLongService.swift */; };
		C3D023882BFB92220015A2A2 /* TaskUtils.swift in Sources */ = {isa = PBXBuildFile; fileRef = C3D023872BFB92220015A2A2 /* TaskUtils.swift */; };
		C3D0238A2BFB97EF0015A2A2 /* BackgroundShortService.swift in Sources */ = {isa = PBXBuildFile; fileRef = C3D023892BFB97EF0015A2A2 /* BackgroundShortService.swift */; };
		C3D0238C2BFCAC400015A2A2 /* BackgroundServiceManagement.swift in Sources */ = {isa = PBXBuildFile; fileRef = C3D0238B2BFCAC400015A2A2 /* BackgroundServiceManagement.swift */; };
		C3D023942BFF38540015A2A2 /* BackgroundDownloadHandler.swift in Sources */ = {isa = PBXBuildFile; fileRef = C3D023932BFF38540015A2A2 /* BackgroundDownloadHandler.swift */; };
		C3D023992BFF38540015A2A2 /* BackgroundDownloadSample.appex in Embed ExtensionKit Extensions */ = {isa = PBXBuildFile; fileRef = C3D023912BFF38540015A2A2 /* BackgroundDownloadSample.appex */; settings = {ATTRIBUTES = (RemoveHeadersOnCopy, ); }; };
		C3D0239F2C00785D0015A2A2 /* BluetoothScanService.swift in Sources */ = {isa = PBXBuildFile; fileRef = C3D0239E2C00785D0015A2A2 /* BluetoothScanService.swift */; };
		C3D023A72C04BD9B0015A2A2 /* ExampleUnitTests.swift in Sources */ = {isa = PBXBuildFile; fileRef = C3D023A62C04BD9B0015A2A2 /* ExampleUnitTests.swift */; };
		C3D023B42C0766BE0015A2A2 /* ClassicSwiftOneUITests.swift in Sources */ = {isa = PBXBuildFile; fileRef = C3D023B32C0766BE0015A2A2 /* ClassicSwiftOneUITests.swift */; };
		C3D023B62C0766BE0015A2A2 /* ClassicSwiftOneUITestsLaunchTests.swift in Sources */ = {isa = PBXBuildFile; fileRef = C3D023B52C0766BE0015A2A2 /* ClassicSwiftOneUITestsLaunchTests.swift */; };
		C3D023BD2C0DACDF0015A2A2 /* DialogUseCase.swift in Sources */ = {isa = PBXBuildFile; fileRef = C3D023BC2C0DACDF0015A2A2 /* DialogUseCase.swift */; };
		C3D023C12C0DDC6A0015A2A2 /* DrawerMenuControllerViewController.swift in Sources */ = {isa = PBXBuildFile; fileRef = C3D023BF2C0DDC6A0015A2A2 /* DrawerMenuControllerViewController.swift */; };
		C3D023C22C0DDC6A0015A2A2 /* DrawerMenuControllerViewController.xib in Resources */ = {isa = PBXBuildFile; fileRef = C3D023C02C0DDC6A0015A2A2 /* DrawerMenuControllerViewController.xib */; };
		C3D023C42C0DF2680015A2A2 /* DrawerTransitionManager.swift in Sources */ = {isa = PBXBuildFile; fileRef = C3D023C32C0DF2680015A2A2 /* DrawerTransitionManager.swift */; };
		C3D023C62C0DF5380015A2A2 /* DrawerPresentationController.swift in Sources */ = {isa = PBXBuildFile; fileRef = C3D023C52C0DF5380015A2A2 /* DrawerPresentationController.swift */; };
		C3D023C82C0DF6BB0015A2A2 /* DrawerSlideAnimation.swift in Sources */ = {isa = PBXBuildFile; fileRef = C3D023C72C0DF6BB0015A2A2 /* DrawerSlideAnimation.swift */; };
		C3D023CB2C0F140B0015A2A2 /* MenuItem.swift in Sources */ = {isa = PBXBuildFile; fileRef = C3D023CA2C0F140B0015A2A2 /* MenuItem.swift */; };
		C3D023CD2C0F163B0015A2A2 /* MenuItemList.swift in Sources */ = {isa = PBXBuildFile; fileRef = C3D023CC2C0F163B0015A2A2 /* MenuItemList.swift */; };
		C3D023D02C1076980015A2A2 /* PermissionsHandler.swift in Sources */ = {isa = PBXBuildFile; fileRef = C3D023CF2C1076980015A2A2 /* PermissionsHandler.swift */; };
		C3D023D22C2012750015A2A2 /* parrots-logo.png in Resources */ = {isa = PBXBuildFile; fileRef = C3D023D12C2012750015A2A2 /* parrots-logo.png */; };
		C3D023D62C205AA30015A2A2 /* SplashViewController.swift in Sources */ = {isa = PBXBuildFile; fileRef = C3D023D52C205AA30015A2A2 /* SplashViewController.swift */; };
		C3F08A1A2C206B9100B7431D /* LaunchScreen.storyboard in Resources */ = {isa = PBXBuildFile; fileRef = C3F08A192C206B9100B7431D /* LaunchScreen.storyboard */; };
		C3F08A1D2C21B74D00B7431D /* NotificationUseCase.swift in Sources */ = {isa = PBXBuildFile; fileRef = C3F08A1C2C21B74D00B7431D /* NotificationUseCase.swift */; };
		C3F08A1F2C246B2900B7431D /* WebViewController.swift in Sources */ = {isa = PBXBuildFile; fileRef = C3F08A1E2C246B2900B7431D /* WebViewController.swift */; };
		C3F08A212C329A2900B7431D /* ExampleUnitTestsTestCaseLib.swift in Sources */ = {isa = PBXBuildFile; fileRef = C3F08A202C329A2900B7431D /* ExampleUnitTestsTestCaseLib.swift */; };
		C3FBDBF02BF35B5E009CB168 /* UserSettingsDefaults.swift in Sources */ = {isa = PBXBuildFile; fileRef = C3FBDBEF2BF35B5E009CB168 /* UserSettingsDefaults.swift */; };
		C3FBDBF22BF3670C009CB168 /* GetUserSettingsUseCase.swift in Sources */ = {isa = PBXBuildFile; fileRef = C3FBDBF12BF3670C009CB168 /* GetUserSettingsUseCase.swift */; };
		C3FBDBF42BF4B3F2009CB168 /* KeyChainPassword.swift in Sources */ = {isa = PBXBuildFile; fileRef = C3FBDBF32BF4B3F2009CB168 /* KeyChainPassword.swift */; };
		C3FBDBF62BF4BFF6009CB168 /* GeKeyChainPasswordUseCase.swift in Sources */ = {isa = PBXBuildFile; fileRef = C3FBDBF52BF4BFF6009CB168 /* GeKeyChainPasswordUseCase.swift */; };
		C3FBDC0A2BF6328C009CB168 /* CoreDataModel.xcdatamodeld in Sources */ = {isa = PBXBuildFile; fileRef = C3FBDC082BF6328C009CB168 /* CoreDataModel.xcdatamodeld */; };
		C3FBDC0D2BF633CF009CB168 /* DataBaseController.swift in Sources */ = {isa = PBXBuildFile; fileRef = C3FBDC0C2BF633CF009CB168 /* DataBaseController.swift */; };
		C3FBDC0F2BF63477009CB168 /* RepositoryDataBase.swift in Sources */ = {isa = PBXBuildFile; fileRef = C3FBDC0E2BF63477009CB168 /* RepositoryDataBase.swift */; };
/* End PBXBuildFile section */

/* Begin PBXContainerItemProxy section */
		C3D023972BFF38540015A2A2 /* PBXContainerItemProxy */ = {
			isa = PBXContainerItemProxy;
			containerPortal = C3C808A12BCD2A53006980D2 /* Project object */;
			proxyType = 1;
			remoteGlobalIDString = C3D023902BFF38540015A2A2;
			remoteInfo = BackgroundDownloadSample;
		};
		C3D023A82C04BD9B0015A2A2 /* PBXContainerItemProxy */ = {
			isa = PBXContainerItemProxy;
			containerPortal = C3C808A12BCD2A53006980D2 /* Project object */;
			proxyType = 1;
			remoteGlobalIDString = C3C808A82BCD2A53006980D2;
			remoteInfo = ClassicSwiftOne;
		};
		C3D023B72C0766BE0015A2A2 /* PBXContainerItemProxy */ = {
			isa = PBXContainerItemProxy;
			containerPortal = C3C808A12BCD2A53006980D2 /* Project object */;
			proxyType = 1;
			remoteGlobalIDString = C3C808A82BCD2A53006980D2;
			remoteInfo = ClassicSwiftOne;
		};
/* End PBXContainerItemProxy section */

/* Begin PBXCopyFilesBuildPhase section */
		C3FBDC072BF63026009CB168 /* Embed ExtensionKit Extensions */ = {
			isa = PBXCopyFilesBuildPhase;
			buildActionMask = 2147483647;
			dstPath = "$(EXTENSIONS_FOLDER_PATH)";
			dstSubfolderSpec = 16;
			files = (
				C3D023992BFF38540015A2A2 /* BackgroundDownloadSample.appex in Embed ExtensionKit Extensions */,
			);
			name = "Embed ExtensionKit Extensions";
			runOnlyForDeploymentPostprocessing = 0;
		};
/* End PBXCopyFilesBuildPhase section */

/* Begin PBXFileReference section */
		99526F4990397D7BB884A3BF /* Pods_ClassicSwiftOne.framework */ = {isa = PBXFileReference; explicitFileType = wrapper.framework; includeInIndex = 0; path = Pods_ClassicSwiftOne.framework; sourceTree = BUILT_PRODUCTS_DIR; };
		A0CD6A218F0004CB57853CE6 /* Pods-ClassicSwiftOne.release.xcconfig */ = {isa = PBXFileReference; includeInIndex = 1; lastKnownFileType = text.xcconfig; name = "Pods-ClassicSwiftOne.release.xcconfig"; path = "Target Support Files/Pods-ClassicSwiftOne/Pods-ClassicSwiftOne.release.xcconfig"; sourceTree = "<group>"; };
		BFCA79EFC5750EBB9945F557 /* Pods-ClassicSwiftOne.debug.xcconfig */ = {isa = PBXFileReference; includeInIndex = 1; lastKnownFileType = text.xcconfig; name = "Pods-ClassicSwiftOne.debug.xcconfig"; path = "Target Support Files/Pods-ClassicSwiftOne/Pods-ClassicSwiftOne.debug.xcconfig"; sourceTree = "<group>"; };
		C356EBA42BEB5F65003E31FD /* RepositoryWSP.swift */ = {isa = PBXFileReference; lastKnownFileType = sourcecode.swift; path = RepositoryWSP.swift; sourceTree = "<group>"; };
		C356EBA62BEB6199003E31FD /* ProxyWSP.swift */ = {isa = PBXFileReference; lastKnownFileType = sourcecode.swift; path = ProxyWSP.swift; sourceTree = "<group>"; };
		C356EBAB2BEB6A3F003E31FD /* RepositoryLocalStorage.swift */ = {isa = PBXFileReference; lastKnownFileType = sourcecode.swift; path = RepositoryLocalStorage.swift; sourceTree = "<group>"; };
		C356EBAE2BEB6A9D003E31FD /* LocalStorageData.swift */ = {isa = PBXFileReference; lastKnownFileType = sourcecode.swift; path = LocalStorageData.swift; sourceTree = "<group>"; };
		C356EBB02BEB6BEE003E31FD /* GetImagesUseCase.swift */ = {isa = PBXFileReference; lastKnownFileType = sourcecode.swift; path = GetImagesUseCase.swift; sourceTree = "<group>"; };
		C356EBB32BEE124C003E31FD /* ToFromImageItem.swift */ = {isa = PBXFileReference; lastKnownFileType = sourcecode.swift; path = ToFromImageItem.swift; sourceTree = "<group>"; };
		C356EBB52BEE12AC003E31FD /* ImageItem.swift */ = {isa = PBXFileReference; lastKnownFileType = sourcecode.swift; path = ImageItem.swift; sourceTree = "<group>"; };
		C35FDF3E2BDB133300CF97C8 /* GetPostsUseCase.swift */ = {isa = PBXFileReference; lastKnownFileType = sourcecode.swift; path = GetPostsUseCase.swift; sourceTree = "<group>"; };
		C35FDF412BDB215F00CF97C8 /* di.swift */ = {isa = PBXFileReference; lastKnownFileType = sourcecode.swift; path = di.swift; sourceTree = "<group>"; };
		C35FDF432BDB825D00CF97C8 /* URLSessionInterceptor.swift */ = {isa = PBXFileReference; lastKnownFileType = sourcecode.swift; path = URLSessionInterceptor.swift; sourceTree = "<group>"; };
		C3C808AC2BCD2A53006980D2 /* AppDelegate.swift */ = {isa = PBXFileReference; lastKnownFileType = sourcecode.swift; path = AppDelegate.swift; sourceTree = "<group>"; };
		C3C808AE2BCD2A53006980D2 /* SceneDelegate.swift */ = {isa = PBXFileReference; lastKnownFileType = sourcecode.swift; path = SceneDelegate.swift; sourceTree = "<group>"; };
		C3C808B02BCD2A53006980D2 /* FirstScreenViewController.swift */ = {isa = PBXFileReference; lastKnownFileType = sourcecode.swift; path = FirstScreenViewController.swift; sourceTree = "<group>"; };
		C3C808B52BCD2A55006980D2 /* design.xcassets */ = {isa = PBXFileReference; lastKnownFileType = folder.assetcatalog; path = design.xcassets; sourceTree = "<group>"; };
		C3C808BA2BCD2A55006980D2 /* Info.plist */ = {isa = PBXFileReference; lastKnownFileType = text.plist.xml; path = Info.plist; sourceTree = "<group>"; };
		C3C8090C2BCECB0C006980D2 /* Localizable.xcstrings */ = {isa = PBXFileReference; lastKnownFileType = text.json.xcstrings; path = Localizable.xcstrings; sourceTree = "<group>"; };
		C3C8091F2BD14618006980D2 /* TableCell.swift */ = {isa = PBXFileReference; lastKnownFileType = sourcecode.swift; path = TableCell.swift; sourceTree = "<group>"; };
		C3C809292BD2B8DE006980D2 /* media.xcassets */ = {isa = PBXFileReference; lastKnownFileType = folder.assetcatalog; path = media.xcassets; sourceTree = "<group>"; };
		C3C809412BD2BEE7006980D2 /* nssl0033.jpg */ = {isa = PBXFileReference; lastKnownFileType = image.jpeg; path = nssl0033.jpg; sourceTree = "<group>"; };
		C3C809432BD2BEF6006980D2 /* nssl0045.jpg */ = {isa = PBXFileReference; lastKnownFileType = image.jpeg; path = nssl0045.jpg; sourceTree = "<group>"; };
		C3C809442BD2BEF6006980D2 /* nssl0042.jpg */ = {isa = PBXFileReference; lastKnownFileType = image.jpeg; path = nssl0042.jpg; sourceTree = "<group>"; };
		C3C809452BD2BEF6006980D2 /* nssl0034.jpg */ = {isa = PBXFileReference; lastKnownFileType = image.jpeg; path = nssl0034.jpg; sourceTree = "<group>"; };
		C3C809462BD2BEF6006980D2 /* nssl0051.jpg */ = {isa = PBXFileReference; lastKnownFileType = image.jpeg; path = nssl0051.jpg; sourceTree = "<group>"; };
		C3C809472BD2BEF6006980D2 /* nssl0043.jpg */ = {isa = PBXFileReference; lastKnownFileType = image.jpeg; path = nssl0043.jpg; sourceTree = "<group>"; };
		C3C809482BD2BEF6006980D2 /* nssl0049.jpg */ = {isa = PBXFileReference; lastKnownFileType = image.jpeg; path = nssl0049.jpg; sourceTree = "<group>"; };
		C3C809492BD2BEF6006980D2 /* nssl0046.jpg */ = {isa = PBXFileReference; lastKnownFileType = image.jpeg; path = nssl0046.jpg; sourceTree = "<group>"; };
		C3C8094A2BD2BEF6006980D2 /* nssl0091.jpg */ = {isa = PBXFileReference; lastKnownFileType = image.jpeg; path = nssl0091.jpg; sourceTree = "<group>"; };
		C3C8094B2BD2BEF7006980D2 /* nssl0041.jpg */ = {isa = PBXFileReference; lastKnownFileType = image.jpeg; path = nssl0041.jpg; sourceTree = "<group>"; };
		C3C809552BD65ADE006980D2 /* DetailsScreenViewController.swift */ = {isa = PBXFileReference; lastKnownFileType = sourcecode.swift; path = DetailsScreenViewController.swift; sourceTree = "<group>"; };
		C3C809582BD66EFC006980D2 /* ScreenDetailsArg.swift */ = {isa = PBXFileReference; lastKnownFileType = sourcecode.swift; path = ScreenDetailsArg.swift; sourceTree = "<group>"; };
		C3C8095A2BD68F24006980D2 /* ImageView.swift */ = {isa = PBXFileReference; lastKnownFileType = sourcecode.swift; path = ImageView.swift; sourceTree = "<group>"; };
		C3C8095E2BD6BCD9006980D2 /* ContactScreenViewController.swift */ = {isa = PBXFileReference; lastKnownFileType = sourcecode.swift; path = ContactScreenViewController.swift; sourceTree = "<group>"; };
		C3C809602BD78F04006980D2 /* WriteValueBackDelegate.swift */ = {isa = PBXFileReference; lastKnownFileType = sourcecode.swift; path = WriteValueBackDelegate.swift; sourceTree = "<group>"; };
		C3C809622BD790B3006980D2 /* ScreenNavigation.swift */ = {isa = PBXFileReference; lastKnownFileType = sourcecode.swift; path = ScreenNavigation.swift; sourceTree = "<group>"; };
		C3C809642BD7DD12006980D2 /* MainViewModel.swift */ = {isa = PBXFileReference; lastKnownFileType = sourcecode.swift; path = MainViewModel.swift; sourceTree = "<group>"; };
		C3C809682BD7E71F006980D2 /* ErrorTypes.swift */ = {isa = PBXFileReference; lastKnownFileType = sourcecode.swift; path = ErrorTypes.swift; sourceTree = "<group>"; };
		C3C8096A2BD8E307006980D2 /* readme.md */ = {isa = PBXFileReference; lastKnownFileType = net.daringfireball.markdown; path = readme.md; sourceTree = "<group>"; };
		C3C8096D2BD8EC9E006980D2 /* DataLoaded.swift */ = {isa = PBXFileReference; lastKnownFileType = sourcecode.swift; path = DataLoaded.swift; sourceTree = "<group>"; };
		C3C809702BD91F1E006980D2 /* TimeUtils.swift */ = {isa = PBXFileReference; lastKnownFileType = sourcecode.swift; path = TimeUtils.swift; sourceTree = "<group>"; };
		C3C809732BD927A7006980D2 /* Post.swift */ = {isa = PBXFileReference; lastKnownFileType = sourcecode.swift; path = Post.swift; sourceTree = "<group>"; };
		C3C809752BD92DCF006980D2 /* ResponseData.swift */ = {isa = PBXFileReference; lastKnownFileType = sourcecode.swift; path = ResponseData.swift; sourceTree = "<group>"; };
		C3D0232A2BF65A4C0015A2A2 /* GetUserUseCase.swift */ = {isa = PBXFileReference; lastKnownFileType = sourcecode.swift; path = GetUserUseCase.swift; sourceTree = "<group>"; };
		C3D023772BF735EB0015A2A2 /* User.swift */ = {isa = PBXFileReference; lastKnownFileType = sourcecode.swift; path = User.swift; sourceTree = "<group>"; };
		C3D023792BF7399F0015A2A2 /* DataBaseUtils.swift */ = {isa = PBXFileReference; lastKnownFileType = sourcecode.swift; path = DataBaseUtils.swift; sourceTree = "<group>"; };
		C3D0237B2BF7502A0015A2A2 /* ClassicSwiftOne.app */ = {isa = PBXFileReference; explicitFileType = wrapper.application; includeInIndex = 0; path = ClassicSwiftOne.app; sourceTree = BUILT_PRODUCTS_DIR; };
		C3D0237D2BF775320015A2A2 /* NetworkMonitor.swift */ = {isa = PBXFileReference; lastKnownFileType = sourcecode.swift; path = NetworkMonitor.swift; sourceTree = "<group>"; };
		C3D0237F2BFB32BC0015A2A2 /* Tracking.swift */ = {isa = PBXFileReference; lastKnownFileType = sourcecode.swift; path = Tracking.swift; sourceTree = "<group>"; };
		C3D023812BFB34C20015A2A2 /* SwiftDataModelContainer.swift */ = {isa = PBXFileReference; lastKnownFileType = sourcecode.swift; path = SwiftDataModelContainer.swift; sourceTree = "<group>"; };
		C3D023832BFB50460015A2A2 /* CoreDataModelContainer.swift */ = {isa = PBXFileReference; lastKnownFileType = sourcecode.swift; path = CoreDataModelContainer.swift; sourceTree = "<group>"; };
		C3D023852BFB906C0015A2A2 /* BackgroundLongService.swift */ = {isa = PBXFileReference; lastKnownFileType = sourcecode.swift; path = BackgroundLongService.swift; sourceTree = "<group>"; };
		C3D023872BFB92220015A2A2 /* TaskUtils.swift */ = {isa = PBXFileReference; lastKnownFileType = sourcecode.swift; path = TaskUtils.swift; sourceTree = "<group>"; };
		C3D023892BFB97EF0015A2A2 /* BackgroundShortService.swift */ = {isa = PBXFileReference; lastKnownFileType = sourcecode.swift; path = BackgroundShortService.swift; sourceTree = "<group>"; };
		C3D0238B2BFCAC400015A2A2 /* BackgroundServiceManagement.swift */ = {isa = PBXFileReference; lastKnownFileType = sourcecode.swift; path = BackgroundServiceManagement.swift; sourceTree = "<group>"; };
		C3D023912BFF38540015A2A2 /* BackgroundDownloadSample.appex */ = {isa = PBXFileReference; explicitFileType = "wrapper.extensionkit-extension"; includeInIndex = 0; path = BackgroundDownloadSample.appex; sourceTree = BUILT_PRODUCTS_DIR; };
		C3D023932BFF38540015A2A2 /* BackgroundDownloadHandler.swift */ = {isa = PBXFileReference; lastKnownFileType = sourcecode.swift; path = BackgroundDownloadHandler.swift; sourceTree = "<group>"; };
		C3D023952BFF38540015A2A2 /* Info.plist */ = {isa = PBXFileReference; lastKnownFileType = text.plist.xml; path = Info.plist; sourceTree = "<group>"; };
		C3D023962BFF38540015A2A2 /* BackgroundDownloadSample.entitlements */ = {isa = PBXFileReference; lastKnownFileType = text.plist.entitlements; path = BackgroundDownloadSample.entitlements; sourceTree = "<group>"; };
		C3D0239D2BFF49030015A2A2 /* ClassicSwiftOne.entitlements */ = {isa = PBXFileReference; lastKnownFileType = text.plist.entitlements; path = ClassicSwiftOne.entitlements; sourceTree = "<group>"; };
		C3D0239E2C00785D0015A2A2 /* BluetoothScanService.swift */ = {isa = PBXFileReference; lastKnownFileType = sourcecode.swift; path = BluetoothScanService.swift; sourceTree = "<group>"; };
		C3D023A42C04BD9B0015A2A2 /* UnitTests.xctest */ = {isa = PBXFileReference; explicitFileType = wrapper.cfbundle; includeInIndex = 0; path = UnitTests.xctest; sourceTree = BUILT_PRODUCTS_DIR; };
		C3D023A62C04BD9B0015A2A2 /* ExampleUnitTests.swift */ = {isa = PBXFileReference; lastKnownFileType = sourcecode.swift; path = ExampleUnitTests.swift; sourceTree = "<group>"; };
		C3D023B12C0766BE0015A2A2 /* ClassicSwiftOneUITests.xctest */ = {isa = PBXFileReference; explicitFileType = wrapper.cfbundle; includeInIndex = 0; path = ClassicSwiftOneUITests.xctest; sourceTree = BUILT_PRODUCTS_DIR; };
		C3D023B32C0766BE0015A2A2 /* ClassicSwiftOneUITests.swift */ = {isa = PBXFileReference; lastKnownFileType = sourcecode.swift; path = ClassicSwiftOneUITests.swift; sourceTree = "<group>"; };
		C3D023B52C0766BE0015A2A2 /* ClassicSwiftOneUITestsLaunchTests.swift */ = {isa = PBXFileReference; lastKnownFileType = sourcecode.swift; path = ClassicSwiftOneUITestsLaunchTests.swift; sourceTree = "<group>"; };
		C3D023BC2C0DACDF0015A2A2 /* DialogUseCase.swift */ = {isa = PBXFileReference; lastKnownFileType = sourcecode.swift; path = DialogUseCase.swift; sourceTree = "<group>"; };
		C3D023BF2C0DDC6A0015A2A2 /* DrawerMenuControllerViewController.swift */ = {isa = PBXFileReference; lastKnownFileType = sourcecode.swift; path = DrawerMenuControllerViewController.swift; sourceTree = "<group>"; };
		C3D023C02C0DDC6A0015A2A2 /* DrawerMenuControllerViewController.xib */ = {isa = PBXFileReference; lastKnownFileType = file.xib; path = DrawerMenuControllerViewController.xib; sourceTree = "<group>"; };
		C3D023C32C0DF2680015A2A2 /* DrawerTransitionManager.swift */ = {isa = PBXFileReference; lastKnownFileType = sourcecode.swift; path = DrawerTransitionManager.swift; sourceTree = "<group>"; };
		C3D023C52C0DF5380015A2A2 /* DrawerPresentationController.swift */ = {isa = PBXFileReference; lastKnownFileType = sourcecode.swift; path = DrawerPresentationController.swift; sourceTree = "<group>"; };
		C3D023C72C0DF6BB0015A2A2 /* DrawerSlideAnimation.swift */ = {isa = PBXFileReference; lastKnownFileType = sourcecode.swift; path = DrawerSlideAnimation.swift; sourceTree = "<group>"; };
		C3D023CA2C0F140B0015A2A2 /* MenuItem.swift */ = {isa = PBXFileReference; lastKnownFileType = sourcecode.swift; path = MenuItem.swift; sourceTree = "<group>"; };
		C3D023CC2C0F163B0015A2A2 /* MenuItemList.swift */ = {isa = PBXFileReference; lastKnownFileType = sourcecode.swift; path = MenuItemList.swift; sourceTree = "<group>"; };
		C3D023CF2C1076980015A2A2 /* PermissionsHandler.swift */ = {isa = PBXFileReference; lastKnownFileType = sourcecode.swift; path = PermissionsHandler.swift; sourceTree = "<group>"; };
		C3D023D12C2012750015A2A2 /* parrots-logo.png */ = {isa = PBXFileReference; lastKnownFileType = image.png; path = "parrots-logo.png"; sourceTree = "<group>"; };
		C3D023D52C205AA30015A2A2 /* SplashViewController.swift */ = {isa = PBXFileReference; lastKnownFileType = sourcecode.swift; path = SplashViewController.swift; sourceTree = "<group>"; };
		C3F08A192C206B9100B7431D /* LaunchScreen.storyboard */ = {isa = PBXFileReference; lastKnownFileType = file.storyboard; path = LaunchScreen.storyboard; sourceTree = "<group>"; };
		C3F08A1C2C21B74D00B7431D /* NotificationUseCase.swift */ = {isa = PBXFileReference; lastKnownFileType = sourcecode.swift; path = NotificationUseCase.swift; sourceTree = "<group>"; };
		C3F08A1E2C246B2900B7431D /* WebViewController.swift */ = {isa = PBXFileReference; lastKnownFileType = sourcecode.swift; path = WebViewController.swift; sourceTree = "<group>"; };
		C3F08A202C329A2900B7431D /* ExampleUnitTestsTestCaseLib.swift */ = {isa = PBXFileReference; lastKnownFileType = sourcecode.swift; path = ExampleUnitTestsTestCaseLib.swift; sourceTree = "<group>"; };
		C3FBDBEF2BF35B5E009CB168 /* UserSettingsDefaults.swift */ = {isa = PBXFileReference; lastKnownFileType = sourcecode.swift; path = UserSettingsDefaults.swift; sourceTree = "<group>"; };
		C3FBDBF12BF3670C009CB168 /* GetUserSettingsUseCase.swift */ = {isa = PBXFileReference; lastKnownFileType = sourcecode.swift; path = GetUserSettingsUseCase.swift; sourceTree = "<group>"; };
		C3FBDBF32BF4B3F2009CB168 /* KeyChainPassword.swift */ = {isa = PBXFileReference; lastKnownFileType = sourcecode.swift; path = KeyChainPassword.swift; sourceTree = "<group>"; };
		C3FBDBF52BF4BFF6009CB168 /* GeKeyChainPasswordUseCase.swift */ = {isa = PBXFileReference; lastKnownFileType = sourcecode.swift; path = GeKeyChainPasswordUseCase.swift; sourceTree = "<group>"; };
		C3FBDC092BF6328C009CB168 /* CoreDataModel.xcdatamodel */ = {isa = PBXFileReference; lastKnownFileType = wrapper.xcdatamodel; path = CoreDataModel.xcdatamodel; sourceTree = "<group>"; };
		C3FBDC0C2BF633CF009CB168 /* DataBaseController.swift */ = {isa = PBXFileReference; lastKnownFileType = sourcecode.swift; path = DataBaseController.swift; sourceTree = "<group>"; };
		C3FBDC0E2BF63477009CB168 /* RepositoryDataBase.swift */ = {isa = PBXFileReference; lastKnownFileType = sourcecode.swift; path = RepositoryDataBase.swift; sourceTree = "<group>"; };
/* End PBXFileReference section */

/* Begin PBXFrameworksBuildPhase section */
		C3C808A62BCD2A53006980D2 /* Frameworks */ = {
			isa = PBXFrameworksBuildPhase;
			buildActionMask = 2147483647;
			files = (
				C39191122BDAAAC1007215D6 /* Pods_ClassicSwiftOne.framework in Frameworks */,
			);
			runOnlyForDeploymentPostprocessing = 0;
		};
		C3D0238E2BFF38540015A2A2 /* Frameworks */ = {
			isa = PBXFrameworksBuildPhase;
			buildActionMask = 2147483647;
			files = (
			);
			runOnlyForDeploymentPostprocessing = 0;
		};
		C3D023A12C04BD9B0015A2A2 /* Frameworks */ = {
			isa = PBXFrameworksBuildPhase;
			buildActionMask = 2147483647;
			files = (
			);
			runOnlyForDeploymentPostprocessing = 0;
		};
		C3D023AE2C0766BE0015A2A2 /* Frameworks */ = {
			isa = PBXFrameworksBuildPhase;
			buildActionMask = 2147483647;
			files = (
			);
			runOnlyForDeploymentPostprocessing = 0;
		};
/* End PBXFrameworksBuildPhase section */

/* Begin PBXGroup section */
		C356EBA12BEB5E17003E31FD /* models */ = {
			isa = PBXGroup;
			children = (
				C3C8096D2BD8EC9E006980D2 /* DataLoaded.swift */,
				C3C809732BD927A7006980D2 /* Post.swift */,
				C356EBB52BEE12AC003E31FD /* ImageItem.swift */,
			);
			path = models;
			sourceTree = "<group>";
		};
		C356EBA22BEB5F06003E31FD /* models */ = {
			isa = PBXGroup;
			children = (
				C3C809752BD92DCF006980D2 /* ResponseData.swift */,
			);
			path = models;
			sourceTree = "<group>";
		};
		C356EBAD2BEB6A84003E31FD /* local */ = {
			isa = PBXGroup;
			children = (
				C3FBDC0B2BF632BC009CB168 /* database */,
				C356EBAE2BEB6A9D003E31FD /* LocalStorageData.swift */,
				C3FBDBEF2BF35B5E009CB168 /* UserSettingsDefaults.swift */,
				C3FBDBF32BF4B3F2009CB168 /* KeyChainPassword.swift */,
			);
			path = local;
			sourceTree = "<group>";
		};
		C356EBB22BEE11E3003E31FD /* dto */ = {
			isa = PBXGroup;
			children = (
				C356EBB32BEE124C003E31FD /* ToFromImageItem.swift */,
			);
			path = dto;
			sourceTree = "<group>";
		};
		C35FDF402BDB214300CF97C8 /* di */ = {
			isa = PBXGroup;
			children = (
				C35FDF412BDB215F00CF97C8 /* di.swift */,
			);
			path = di;
			sourceTree = "<group>";
		};
		C3C808A02BCD2A53006980D2 = {
			isa = PBXGroup;
			children = (
				C3C808AB2BCD2A53006980D2 /* ClassicSwiftOne */,
				EAF9485FCF668FD76423331E /* Pods */,
				C3D023922BFF38540015A2A2 /* BackgroundDownloadSample */,
				C3D023A52C04BD9B0015A2A2 /* UnitTests */,
				C3D023B22C0766BE0015A2A2 /* ClassicSwiftOneUITests */,
				C745E20713A6894229C6C61B /* Frameworks */,
				C3D0237B2BF7502A0015A2A2 /* ClassicSwiftOne.app */,
				C3D023912BFF38540015A2A2 /* BackgroundDownloadSample.appex */,
				C3D023A42C04BD9B0015A2A2 /* UnitTests.xctest */,
				C3D023B12C0766BE0015A2A2 /* ClassicSwiftOneUITests.xctest */,
			);
			sourceTree = "<group>";
		};
		C3C808AB2BCD2A53006980D2 /* ClassicSwiftOne */ = {
			isa = PBXGroup;
			children = (
				C3D0239D2BFF49030015A2A2 /* ClassicSwiftOne.entitlements */,
				C35FDF402BDB214300CF97C8 /* di */,
				C3C8096B2BD8E30E006980D2 /* documentation */,
				C3C809662BD7E6E1006980D2 /* utils */,
				C3C809402BD2BE9D006980D2 /* assets */,
				C3C809232BD29DE5006980D2 /* ui */,
				C3C809252BD29DFC006980D2 /* data */,
				C3C809242BD29DF2006980D2 /* domain */,
				C3C808AC2BCD2A53006980D2 /* AppDelegate.swift */,
				C3C808AE2BCD2A53006980D2 /* SceneDelegate.swift */,
				C3C8090C2BCECB0C006980D2 /* Localizable.xcstrings */,
				C3C808B52BCD2A55006980D2 /* design.xcassets */,
				C3C809292BD2B8DE006980D2 /* media.xcassets */,
				C3C808BA2BCD2A55006980D2 /* Info.plist */,
				C3F08A192C206B9100B7431D /* LaunchScreen.storyboard */,
			);
			path = ClassicSwiftOne;
			sourceTree = "<group>";
		};
		C3C809232BD29DE5006980D2 /* ui */ = {
			isa = PBXGroup;
			children = (
				C3D023CE2C10767D0015A2A2 /* permissions */,
				C3D0237C2BF775110015A2A2 /* services */,
				C3C809282BD29EE5006980D2 /* controllers */,
				C3C809272BD29ED3006980D2 /* viewmodels */,
				C3C809262BD29E78006980D2 /* components */,
			);
			path = ui;
			sourceTree = "<group>";
		};
		C3C809242BD29DF2006980D2 /* domain */ = {
			isa = PBXGroup;
			children = (
				C356EBB22BEE11E3003E31FD /* dto */,
				C356EBA12BEB5E17003E31FD /* models */,
				C35FDF3E2BDB133300CF97C8 /* GetPostsUseCase.swift */,
				C356EBB02BEB6BEE003E31FD /* GetImagesUseCase.swift */,
				C3FBDBF12BF3670C009CB168 /* GetUserSettingsUseCase.swift */,
				C3FBDBF52BF4BFF6009CB168 /* GeKeyChainPasswordUseCase.swift */,
				C3D0232A2BF65A4C0015A2A2 /* GetUserUseCase.swift */,
			);
			path = domain;
			sourceTree = "<group>";
		};
		C3C809252BD29DFC006980D2 /* data */ = {
			isa = PBXGroup;
			children = (
				C356EBAD2BEB6A84003E31FD /* local */,
				C3C809722BD9277E006980D2 /* wsp */,
				C356EBAB2BEB6A3F003E31FD /* RepositoryLocalStorage.swift */,
				C356EBA42BEB5F65003E31FD /* RepositoryWSP.swift */,
				C3FBDC0E2BF63477009CB168 /* RepositoryDataBase.swift */,
			);
			path = data;
			sourceTree = "<group>";
		};
		C3C809262BD29E78006980D2 /* components */ = {
			isa = PBXGroup;
			children = (
				C3C8091F2BD14618006980D2 /* TableCell.swift */,
				C3C8095A2BD68F24006980D2 /* ImageView.swift */,
				C3D023BC2C0DACDF0015A2A2 /* DialogUseCase.swift */,
			);
			path = components;
			sourceTree = "<group>";
		};
		C3C809272BD29ED3006980D2 /* viewmodels */ = {
			isa = PBXGroup;
			children = (
				C3C809642BD7DD12006980D2 /* MainViewModel.swift */,
			);
			path = viewmodels;
			sourceTree = "<group>";
		};
		C3C809282BD29EE5006980D2 /* controllers */ = {
			isa = PBXGroup;
			children = (
				C3F08A1B2C21B72B00B7431D /* notification */,
				C3D023BE2C0DDB560015A2A2 /* drawer */,
				C3C809572BD66ED7006980D2 /* navigation */,
				C3C808B02BCD2A53006980D2 /* FirstScreenViewController.swift */,
				C3C809552BD65ADE006980D2 /* DetailsScreenViewController.swift */,
				C3C8095E2BD6BCD9006980D2 /* ContactScreenViewController.swift */,
				C3D023D52C205AA30015A2A2 /* SplashViewController.swift */,
				C3F08A1E2C246B2900B7431D /* WebViewController.swift */,
			);
			path = controllers;
			sourceTree = "<group>";
		};
		C3C809402BD2BE9D006980D2 /* assets */ = {
			isa = PBXGroup;
			children = (
				C3D023D12C2012750015A2A2 /* parrots-logo.png */,
				C3C809452BD2BEF6006980D2 /* nssl0034.jpg */,
				C3C8094B2BD2BEF7006980D2 /* nssl0041.jpg */,
				C3C809442BD2BEF6006980D2 /* nssl0042.jpg */,
				C3C809472BD2BEF6006980D2 /* nssl0043.jpg */,
				C3C809432BD2BEF6006980D2 /* nssl0045.jpg */,
				C3C809492BD2BEF6006980D2 /* nssl0046.jpg */,
				C3C809482BD2BEF6006980D2 /* nssl0049.jpg */,
				C3C809462BD2BEF6006980D2 /* nssl0051.jpg */,
				C3C8094A2BD2BEF6006980D2 /* nssl0091.jpg */,
				C3C809412BD2BEE7006980D2 /* nssl0033.jpg */,
			);
			path = assets;
			sourceTree = "<group>";
		};
		C3C809572BD66ED7006980D2 /* navigation */ = {
			isa = PBXGroup;
			children = (
				C3C809582BD66EFC006980D2 /* ScreenDetailsArg.swift */,
				C3C809602BD78F04006980D2 /* WriteValueBackDelegate.swift */,
				C3C809622BD790B3006980D2 /* ScreenNavigation.swift */,
			);
			path = navigation;
			sourceTree = "<group>";
		};
		C3C809662BD7E6E1006980D2 /* utils */ = {
			isa = PBXGroup;
			children = (
				C3C809672BD7E6EE006980D2 /* errors */,
				C3C809702BD91F1E006980D2 /* TimeUtils.swift */,
				C3D023872BFB92220015A2A2 /* TaskUtils.swift */,
			);
			path = utils;
			sourceTree = "<group>";
		};
		C3C809672BD7E6EE006980D2 /* errors */ = {
			isa = PBXGroup;
			children = (
				C3C809682BD7E71F006980D2 /* ErrorTypes.swift */,
			);
			path = errors;
			sourceTree = "<group>";
		};
		C3C8096B2BD8E30E006980D2 /* documentation */ = {
			isa = PBXGroup;
			children = (
				C3C8096A2BD8E307006980D2 /* readme.md */,
			);
			path = documentation;
			sourceTree = "<group>";
		};
		C3C809722BD9277E006980D2 /* wsp */ = {
			isa = PBXGroup;
			children = (
				C356EBA22BEB5F06003E31FD /* models */,
				C35FDF432BDB825D00CF97C8 /* URLSessionInterceptor.swift */,
				C356EBA62BEB6199003E31FD /* ProxyWSP.swift */,
			);
			path = wsp;
			sourceTree = "<group>";
		};
		C3D023762BF735BF0015A2A2 /* models */ = {
			isa = PBXGroup;
			children = (
				C3D023772BF735EB0015A2A2 /* User.swift */,
				C3D0237F2BFB32BC0015A2A2 /* Tracking.swift */,
			);
			path = models;
			sourceTree = "<group>";
		};
		C3D0237C2BF775110015A2A2 /* services */ = {
			isa = PBXGroup;
			children = (
				C3D0237D2BF775320015A2A2 /* NetworkMonitor.swift */,
				C3D023852BFB906C0015A2A2 /* BackgroundLongService.swift */,
				C3D023892BFB97EF0015A2A2 /* BackgroundShortService.swift */,
				C3D0238B2BFCAC400015A2A2 /* BackgroundServiceManagement.swift */,
				C3D0239E2C00785D0015A2A2 /* BluetoothScanService.swift */,
			);
			path = services;
			sourceTree = "<group>";
		};
		C3D023922BFF38540015A2A2 /* BackgroundDownloadSample */ = {
			isa = PBXGroup;
			children = (
				C3D023932BFF38540015A2A2 /* BackgroundDownloadHandler.swift */,
				C3D023952BFF38540015A2A2 /* Info.plist */,
				C3D023962BFF38540015A2A2 /* BackgroundDownloadSample.entitlements */,
			);
			path = BackgroundDownloadSample;
			sourceTree = "<group>";
		};
		C3D023A52C04BD9B0015A2A2 /* UnitTests */ = {
			isa = PBXGroup;
			children = (
				C3D023A62C04BD9B0015A2A2 /* ExampleUnitTests.swift */,
				C3F08A202C329A2900B7431D /* ExampleUnitTestsTestCaseLib.swift */,
			);
			path = UnitTests;
			sourceTree = "<group>";
		};
		C3D023B22C0766BE0015A2A2 /* ClassicSwiftOneUITests */ = {
			isa = PBXGroup;
			children = (
				C3D023B32C0766BE0015A2A2 /* ClassicSwiftOneUITests.swift */,
				C3D023B52C0766BE0015A2A2 /* ClassicSwiftOneUITestsLaunchTests.swift */,
			);
			path = ClassicSwiftOneUITests;
			sourceTree = "<group>";
		};
		C3D023BE2C0DDB560015A2A2 /* drawer */ = {
			isa = PBXGroup;
			children = (
				C3D023C92C0F13D30015A2A2 /* models */,
				C3D023BF2C0DDC6A0015A2A2 /* DrawerMenuControllerViewController.swift */,
				C3D023C02C0DDC6A0015A2A2 /* DrawerMenuControllerViewController.xib */,
				C3D023C32C0DF2680015A2A2 /* DrawerTransitionManager.swift */,
				C3D023C52C0DF5380015A2A2 /* DrawerPresentationController.swift */,
				C3D023C72C0DF6BB0015A2A2 /* DrawerSlideAnimation.swift */,
				C3D023CC2C0F163B0015A2A2 /* MenuItemList.swift */,
			);
			path = drawer;
			sourceTree = "<group>";
		};
		C3D023C92C0F13D30015A2A2 /* models */ = {
			isa = PBXGroup;
			children = (
				C3D023CA2C0F140B0015A2A2 /* MenuItem.swift */,
			);
			path = models;
			sourceTree = "<group>";
		};
		C3D023CE2C10767D0015A2A2 /* permissions */ = {
			isa = PBXGroup;
			children = (
				C3D023CF2C1076980015A2A2 /* PermissionsHandler.swift */,
			);
			path = permissions;
			sourceTree = "<group>";
		};
		C3F08A1B2C21B72B00B7431D /* notification */ = {
			isa = PBXGroup;
			children = (
				C3F08A1C2C21B74D00B7431D /* NotificationUseCase.swift */,
			);
			path = notification;
			sourceTree = "<group>";
		};
		C3FBDC0B2BF632BC009CB168 /* database */ = {
			isa = PBXGroup;
			children = (
				C3D023762BF735BF0015A2A2 /* models */,
				C3FBDC082BF6328C009CB168 /* CoreDataModel.xcdatamodeld */,
				C3FBDC0C2BF633CF009CB168 /* DataBaseController.swift */,
				C3D023792BF7399F0015A2A2 /* DataBaseUtils.swift */,
				C3D023812BFB34C20015A2A2 /* SwiftDataModelContainer.swift */,
				C3D023832BFB50460015A2A2 /* CoreDataModelContainer.swift */,
			);
			path = database;
			sourceTree = "<group>";
		};
		C745E20713A6894229C6C61B /* Frameworks */ = {
			isa = PBXGroup;
			children = (
				99526F4990397D7BB884A3BF /* Pods_ClassicSwiftOne.framework */,
			);
			name = Frameworks;
			sourceTree = "<group>";
		};
		EAF9485FCF668FD76423331E /* Pods */ = {
			isa = PBXGroup;
			children = (
				BFCA79EFC5750EBB9945F557 /* Pods-ClassicSwiftOne.debug.xcconfig */,
				A0CD6A218F0004CB57853CE6 /* Pods-ClassicSwiftOne.release.xcconfig */,
			);
			path = Pods;
			sourceTree = "<group>";
		};
/* End PBXGroup section */

/* Begin PBXNativeTarget section */
		C3C808A82BCD2A53006980D2 /* ClassicSwiftOne */ = {
			isa = PBXNativeTarget;
			buildConfigurationList = C3C808BD2BCD2A55006980D2 /* Build configuration list for PBXNativeTarget "ClassicSwiftOne" */;
			buildPhases = (
				3F2C3E6CB31E5570C774F400 /* [CP] Check Pods Manifest.lock */,
				C3C808A52BCD2A53006980D2 /* Sources */,
				C3C808A62BCD2A53006980D2 /* Frameworks */,
				C3C808A72BCD2A53006980D2 /* Resources */,
				0DFEAE87CE34B57A34A28B1D /* [CP] Embed Pods Frameworks */,
				C3FBDC072BF63026009CB168 /* Embed ExtensionKit Extensions */,
			);
			buildRules = (
			);
			dependencies = (
				C3D023982BFF38540015A2A2 /* PBXTargetDependency */,
			);
			name = ClassicSwiftOne;
			productName = ClassicSwiftOne;
			productReference = C3D0237B2BF7502A0015A2A2 /* ClassicSwiftOne.app */;
			productType = "com.apple.product-type.application";
		};
		C3D023902BFF38540015A2A2 /* BackgroundDownloadSample */ = {
			isa = PBXNativeTarget;
			buildConfigurationList = C3D0239A2BFF38540015A2A2 /* Build configuration list for PBXNativeTarget "BackgroundDownloadSample" */;
			buildPhases = (
				C3D0238D2BFF38540015A2A2 /* Sources */,
				C3D0238E2BFF38540015A2A2 /* Frameworks */,
				C3D0238F2BFF38540015A2A2 /* Resources */,
			);
			buildRules = (
			);
			dependencies = (
			);
			name = BackgroundDownloadSample;
			productName = BackgroundDownloadSample;
			productReference = C3D023912BFF38540015A2A2 /* BackgroundDownloadSample.appex */;
			productType = "com.apple.product-type.extensionkit-extension";
		};
		C3D023A32C04BD9B0015A2A2 /* UnitTests */ = {
			isa = PBXNativeTarget;
			buildConfigurationList = C3D023AA2C04BD9B0015A2A2 /* Build configuration list for PBXNativeTarget "UnitTests" */;
			buildPhases = (
				C3D023A02C04BD9B0015A2A2 /* Sources */,
				C3D023A12C04BD9B0015A2A2 /* Frameworks */,
				C3D023A22C04BD9B0015A2A2 /* Resources */,
			);
			buildRules = (
			);
			dependencies = (
				C3D023A92C04BD9B0015A2A2 /* PBXTargetDependency */,
			);
			name = UnitTests;
			productName = UnitTests;
			productReference = C3D023A42C04BD9B0015A2A2 /* UnitTests.xctest */;
			productType = "com.apple.product-type.bundle.unit-test";
		};
		C3D023B02C0766BE0015A2A2 /* ClassicSwiftOneUITests */ = {
			isa = PBXNativeTarget;
			buildConfigurationList = C3D023B92C0766BE0015A2A2 /* Build configuration list for PBXNativeTarget "ClassicSwiftOneUITests" */;
			buildPhases = (
				C3D023AD2C0766BE0015A2A2 /* Sources */,
				C3D023AE2C0766BE0015A2A2 /* Frameworks */,
				C3D023AF2C0766BE0015A2A2 /* Resources */,
			);
			buildRules = (
			);
			dependencies = (
				C3D023B82C0766BE0015A2A2 /* PBXTargetDependency */,
			);
			name = ClassicSwiftOneUITests;
			productName = ClassicSwiftOneUITests;
			productReference = C3D023B12C0766BE0015A2A2 /* ClassicSwiftOneUITests.xctest */;
			productType = "com.apple.product-type.bundle.ui-testing";
		};
/* End PBXNativeTarget section */

/* Begin PBXProject section */
		C3C808A12BCD2A53006980D2 /* Project object */ = {
			isa = PBXProject;
			attributes = {
				BuildIndependentTargetsInParallel = 1;
				LastSwiftUpdateCheck = 1520;
				LastUpgradeCheck = 1520;
				TargetAttributes = {
					C3C808A82BCD2A53006980D2 = {
						CreatedOnToolsVersion = 15.2;
					};
					C3D023902BFF38540015A2A2 = {
						CreatedOnToolsVersion = 15.2;
					};
					C3D023A32C04BD9B0015A2A2 = {
						CreatedOnToolsVersion = 15.2;
						TestTargetID = C3C808A82BCD2A53006980D2;
					};
					C3D023B02C0766BE0015A2A2 = {
						CreatedOnToolsVersion = 15.2;
						TestTargetID = C3C808A82BCD2A53006980D2;
					};
				};
			};
			buildConfigurationList = C3C808A42BCD2A53006980D2 /* Build configuration list for PBXProject "ClassicSwiftOne" */;
			compatibilityVersion = "Xcode 14.0";
			developmentRegion = en;
			hasScannedForEncodings = 0;
			knownRegions = (
				en,
				Base,
			);
			mainGroup = C3C808A02BCD2A53006980D2;
			packageReferences = (
				C3F08A222C32A09500B7431D /* XCRemoteSwiftPackageReference "swift-algorithms" */,
				C3F08A232C32A0E600B7431D /* XCRemoteSwiftPackageReference "swift-collections" */,
			);
			productRefGroup = C3C808A02BCD2A53006980D2;
			projectDirPath = "";
			projectRoot = "";
			targets = (
				C3C808A82BCD2A53006980D2 /* ClassicSwiftOne */,
				C3D023902BFF38540015A2A2 /* BackgroundDownloadSample */,
				C3D023A32C04BD9B0015A2A2 /* UnitTests */,
				C3D023B02C0766BE0015A2A2 /* ClassicSwiftOneUITests */,
			);
		};
/* End PBXProject section */

/* Begin PBXResourcesBuildPhase section */
		C3C808A72BCD2A53006980D2 /* Resources */ = {
			isa = PBXResourcesBuildPhase;
			buildActionMask = 2147483647;
			files = (
				C3D023C22C0DDC6A0015A2A2 /* DrawerMenuControllerViewController.xib in Resources */,
				C3C809542BD2BEF7006980D2 /* nssl0041.jpg in Resources */,
				C3C809502BD2BEF7006980D2 /* nssl0043.jpg in Resources */,
				C3C809522BD2BEF7006980D2 /* nssl0046.jpg in Resources */,
				C3C809422BD2BEE7006980D2 /* nssl0033.jpg in Resources */,
				C3C8094E2BD2BEF7006980D2 /* nssl0034.jpg in Resources */,
				C3C808B62BCD2A55006980D2 /* design.xcassets in Resources */,
				C3F08A1A2C206B9100B7431D /* LaunchScreen.storyboard in Resources */,
				C3C8094F2BD2BEF7006980D2 /* nssl0051.jpg in Resources */,
				C3C809512BD2BEF7006980D2 /* nssl0049.jpg in Resources */,
				C3C8094D2BD2BEF7006980D2 /* nssl0042.jpg in Resources */,
				C3C8092A2BD2B8DE006980D2 /* media.xcassets in Resources */,
				C3D023D22C2012750015A2A2 /* parrots-logo.png in Resources */,
				C3C809532BD2BEF7006980D2 /* nssl0091.jpg in Resources */,
				C3C8094C2BD2BEF7006980D2 /* nssl0045.jpg in Resources */,
				C3C8090D2BCECB0C006980D2 /* Localizable.xcstrings in Resources */,
			);
			runOnlyForDeploymentPostprocessing = 0;
		};
		C3D0238F2BFF38540015A2A2 /* Resources */ = {
			isa = PBXResourcesBuildPhase;
			buildActionMask = 2147483647;
			files = (
			);
			runOnlyForDeploymentPostprocessing = 0;
		};
		C3D023A22C04BD9B0015A2A2 /* Resources */ = {
			isa = PBXResourcesBuildPhase;
			buildActionMask = 2147483647;
			files = (
			);
			runOnlyForDeploymentPostprocessing = 0;
		};
		C3D023AF2C0766BE0015A2A2 /* Resources */ = {
			isa = PBXResourcesBuildPhase;
			buildActionMask = 2147483647;
			files = (
			);
			runOnlyForDeploymentPostprocessing = 0;
		};
/* End PBXResourcesBuildPhase section */

/* Begin PBXShellScriptBuildPhase section */
		0DFEAE87CE34B57A34A28B1D /* [CP] Embed Pods Frameworks */ = {
			isa = PBXShellScriptBuildPhase;
			buildActionMask = 2147483647;
			files = (
			);
			inputFileListPaths = (
				"${PODS_ROOT}/Target Support Files/Pods-ClassicSwiftOne/Pods-ClassicSwiftOne-frameworks-${CONFIGURATION}-input-files.xcfilelist",
			);
			name = "[CP] Embed Pods Frameworks";
			outputFileListPaths = (
				"${PODS_ROOT}/Target Support Files/Pods-ClassicSwiftOne/Pods-ClassicSwiftOne-frameworks-${CONFIGURATION}-output-files.xcfilelist",
			);
			runOnlyForDeploymentPostprocessing = 0;
			shellPath = /bin/sh;
			shellScript = "\"${PODS_ROOT}/Target Support Files/Pods-ClassicSwiftOne/Pods-ClassicSwiftOne-frameworks.sh\"\n";
			showEnvVarsInLog = 0;
		};
		3F2C3E6CB31E5570C774F400 /* [CP] Check Pods Manifest.lock */ = {
			isa = PBXShellScriptBuildPhase;
			buildActionMask = 2147483647;
			files = (
			);
			inputFileListPaths = (
			);
			inputPaths = (
				"${PODS_PODFILE_DIR_PATH}/Podfile.lock",
				"${PODS_ROOT}/Manifest.lock",
			);
			name = "[CP] Check Pods Manifest.lock";
			outputFileListPaths = (
			);
			outputPaths = (
				"$(DERIVED_FILE_DIR)/Pods-ClassicSwiftOne-checkManifestLockResult.txt",
			);
			runOnlyForDeploymentPostprocessing = 0;
			shellPath = /bin/sh;
			shellScript = "diff \"${PODS_PODFILE_DIR_PATH}/Podfile.lock\" \"${PODS_ROOT}/Manifest.lock\" > /dev/null\nif [ $? != 0 ] ; then\n    # print error to STDERR\n    echo \"error: The sandbox is not in sync with the Podfile.lock. Run 'pod install' or update your CocoaPods installation.\" >&2\n    exit 1\nfi\n# This output is used by Xcode 'outputs' to avoid re-running this script phase.\necho \"SUCCESS\" > \"${SCRIPT_OUTPUT_FILE_0}\"\n";
			showEnvVarsInLog = 0;
		};
/* End PBXShellScriptBuildPhase section */

/* Begin PBXSourcesBuildPhase section */
		C3C808A52BCD2A53006980D2 /* Sources */ = {
			isa = PBXSourcesBuildPhase;
			buildActionMask = 2147483647;
			files = (
				C3D023CB2C0F140B0015A2A2 /* MenuItem.swift in Sources */,
				C3D0237E2BF775320015A2A2 /* NetworkMonitor.swift in Sources */,
				C3D0237A2BF7399F0015A2A2 /* DataBaseUtils.swift in Sources */,
				C3D023D62C205AA30015A2A2 /* SplashViewController.swift in Sources */,
				C3D023882BFB92220015A2A2 /* TaskUtils.swift in Sources */,
				C3D023C42C0DF2680015A2A2 /* DrawerTransitionManager.swift in Sources */,
				C356EBB12BEB6BEE003E31FD /* GetImagesUseCase.swift in Sources */,
				C356EBB42BEE124C003E31FD /* ToFromImageItem.swift in Sources */,
				C356EBA52BEB5F65003E31FD /* RepositoryWSP.swift in Sources */,
				C3D023C12C0DDC6A0015A2A2 /* DrawerMenuControllerViewController.swift in Sources */,
				C3FBDBF42BF4B3F2009CB168 /* KeyChainPassword.swift in Sources */,
				C3D023802BFB32BC0015A2A2 /* Tracking.swift in Sources */,
				C356EBAC2BEB6A3F003E31FD /* RepositoryLocalStorage.swift in Sources */,
				C3C808B12BCD2A53006980D2 /* FirstScreenViewController.swift in Sources */,
				C3F08A1D2C21B74D00B7431D /* NotificationUseCase.swift in Sources */,
				C3D023C62C0DF5380015A2A2 /* DrawerPresentationController.swift in Sources */,
				C3D0238C2BFCAC400015A2A2 /* BackgroundServiceManagement.swift in Sources */,
				C3C809592BD66EFC006980D2 /* ScreenDetailsArg.swift in Sources */,
				C356EBAF2BEB6A9D003E31FD /* LocalStorageData.swift in Sources */,
				C3C808AD2BCD2A53006980D2 /* AppDelegate.swift in Sources */,
				C3C809712BD91F1E006980D2 /* TimeUtils.swift in Sources */,
				C3FBDC0F2BF63477009CB168 /* RepositoryDataBase.swift in Sources */,
				C3D0238A2BFB97EF0015A2A2 /* BackgroundShortService.swift in Sources */,
				C356EBA72BEB6199003E31FD /* ProxyWSP.swift in Sources */,
				C356EBB62BEE12AC003E31FD /* ImageItem.swift in Sources */,
				C3D023782BF735EB0015A2A2 /* User.swift in Sources */,
				C35FDF422BDB215F00CF97C8 /* di.swift in Sources */,
				C3FBDBF22BF3670C009CB168 /* GetUserSettingsUseCase.swift in Sources */,
				C3C809562BD65ADE006980D2 /* DetailsScreenViewController.swift in Sources */,
				C3C809202BD14618006980D2 /* TableCell.swift in Sources */,
				C3FBDC0D2BF633CF009CB168 /* DataBaseController.swift in Sources */,
				C3D023CD2C0F163B0015A2A2 /* MenuItemList.swift in Sources */,
				C3C809612BD78F04006980D2 /* WriteValueBackDelegate.swift in Sources */,
				C3D023C82C0DF6BB0015A2A2 /* DrawerSlideAnimation.swift in Sources */,
				C3C8095F2BD6BCD9006980D2 /* ContactScreenViewController.swift in Sources */,
				C3FBDBF62BF4BFF6009CB168 /* GeKeyChainPasswordUseCase.swift in Sources */,
				C3C809632BD790B3006980D2 /* ScreenNavigation.swift in Sources */,
				C35FDF3F2BDB133300CF97C8 /* GetPostsUseCase.swift in Sources */,
				C3D023822BFB34C20015A2A2 /* SwiftDataModelContainer.swift in Sources */,
				C3F08A1F2C246B2900B7431D /* WebViewController.swift in Sources */,
				C3D0232B2BF65A4C0015A2A2 /* GetUserUseCase.swift in Sources */,
				C3C809742BD927A7006980D2 /* Post.swift in Sources */,
				C3C8095B2BD68F24006980D2 /* ImageView.swift in Sources */,
				C3C8096E2BD8EC9E006980D2 /* DataLoaded.swift in Sources */,
				C35FDF442BDB825D00CF97C8 /* URLSessionInterceptor.swift in Sources */,
				C3D0239F2C00785D0015A2A2 /* BluetoothScanService.swift in Sources */,
				C3FBDC0A2BF6328C009CB168 /* CoreDataModel.xcdatamodeld in Sources */,
				C3C808AF2BCD2A53006980D2 /* SceneDelegate.swift in Sources */,
				C3C809692BD7E71F006980D2 /* ErrorTypes.swift in Sources */,
				C3C809652BD7DD12006980D2 /* MainViewModel.swift in Sources */,
				C3FBDBF02BF35B5E009CB168 /* UserSettingsDefaults.swift in Sources */,
				C3D023BD2C0DACDF0015A2A2 /* DialogUseCase.swift in Sources */,
				C3D023842BFB50460015A2A2 /* CoreDataModelContainer.swift in Sources */,
				C3D023D02C1076980015A2A2 /* PermissionsHandler.swift in Sources */,
				C3D023862BFB906C0015A2A2 /* BackgroundLongService.swift in Sources */,
				C3C809762BD92DCF006980D2 /* ResponseData.swift in Sources */,
			);
			runOnlyForDeploymentPostprocessing = 0;
		};
		C3D0238D2BFF38540015A2A2 /* Sources */ = {
			isa = PBXSourcesBuildPhase;
			buildActionMask = 2147483647;
			files = (
				C3D023942BFF38540015A2A2 /* BackgroundDownloadHandler.swift in Sources */,
			);
			runOnlyForDeploymentPostprocessing = 0;
		};
		C3D023A02C04BD9B0015A2A2 /* Sources */ = {
			isa = PBXSourcesBuildPhase;
			buildActionMask = 2147483647;
			files = (
				C3F08A212C329A2900B7431D /* ExampleUnitTestsTestCaseLib.swift in Sources */,
				C3D023A72C04BD9B0015A2A2 /* ExampleUnitTests.swift in Sources */,
			);
			runOnlyForDeploymentPostprocessing = 0;
		};
		C3D023AD2C0766BE0015A2A2 /* Sources */ = {
			isa = PBXSourcesBuildPhase;
			buildActionMask = 2147483647;
			files = (
				C3D023B62C0766BE0015A2A2 /* ClassicSwiftOneUITestsLaunchTests.swift in Sources */,
				C3D023B42C0766BE0015A2A2 /* ClassicSwiftOneUITests.swift in Sources */,
			);
			runOnlyForDeploymentPostprocessing = 0;
		};
/* End PBXSourcesBuildPhase section */

/* Begin PBXTargetDependency section */
		C3D023982BFF38540015A2A2 /* PBXTargetDependency */ = {
			isa = PBXTargetDependency;
			target = C3D023902BFF38540015A2A2 /* BackgroundDownloadSample */;
			targetProxy = C3D023972BFF38540015A2A2 /* PBXContainerItemProxy */;
		};
		C3D023A92C04BD9B0015A2A2 /* PBXTargetDependency */ = {
			isa = PBXTargetDependency;
			target = C3C808A82BCD2A53006980D2 /* ClassicSwiftOne */;
			targetProxy = C3D023A82C04BD9B0015A2A2 /* PBXContainerItemProxy */;
		};
		C3D023B82C0766BE0015A2A2 /* PBXTargetDependency */ = {
			isa = PBXTargetDependency;
			target = C3C808A82BCD2A53006980D2 /* ClassicSwiftOne */;
			targetProxy = C3D023B72C0766BE0015A2A2 /* PBXContainerItemProxy */;
		};
/* End PBXTargetDependency section */

/* Begin XCBuildConfiguration section */
		C3C808BB2BCD2A55006980D2 /* Debug */ = {
			isa = XCBuildConfiguration;
			buildSettings = {
				ALWAYS_SEARCH_USER_PATHS = NO;
				ASSETCATALOG_COMPILER_GENERATE_SWIFT_ASSET_SYMBOL_EXTENSIONS = YES;
				CLANG_ANALYZER_LOCALIZABILITY_NONLOCALIZED = YES;
				CLANG_ANALYZER_NONNULL = YES;
				CLANG_ANALYZER_NUMBER_OBJECT_CONVERSION = YES_AGGRESSIVE;
				CLANG_CXX_LANGUAGE_STANDARD = "gnu++20";
				CLANG_ENABLE_MODULES = YES;
				CLANG_ENABLE_OBJC_ARC = YES;
				CLANG_ENABLE_OBJC_WEAK = YES;
				CLANG_WARN_BLOCK_CAPTURE_AUTORELEASING = YES;
				CLANG_WARN_BOOL_CONVERSION = YES;
				CLANG_WARN_COMMA = YES;
				CLANG_WARN_CONSTANT_CONVERSION = YES;
				CLANG_WARN_DEPRECATED_OBJC_IMPLEMENTATIONS = YES;
				CLANG_WARN_DIRECT_OBJC_ISA_USAGE = YES_ERROR;
				CLANG_WARN_DOCUMENTATION_COMMENTS = YES;
				CLANG_WARN_EMPTY_BODY = YES;
				CLANG_WARN_ENUM_CONVERSION = YES;
				CLANG_WARN_INFINITE_RECURSION = YES;
				CLANG_WARN_INT_CONVERSION = YES;
				CLANG_WARN_NON_LITERAL_NULL_CONVERSION = YES;
				CLANG_WARN_OBJC_IMPLICIT_RETAIN_SELF = YES;
				CLANG_WARN_OBJC_LITERAL_CONVERSION = YES;
				CLANG_WARN_OBJC_ROOT_CLASS = YES_ERROR;
				CLANG_WARN_QUOTED_INCLUDE_IN_FRAMEWORK_HEADER = YES;
				CLANG_WARN_RANGE_LOOP_ANALYSIS = YES;
				CLANG_WARN_STRICT_PROTOTYPES = YES;
				CLANG_WARN_SUSPICIOUS_MOVE = YES;
				CLANG_WARN_UNGUARDED_AVAILABILITY = YES_AGGRESSIVE;
				CLANG_WARN_UNREACHABLE_CODE = YES;
				CLANG_WARN__DUPLICATE_METHOD_MATCH = YES;
				COPY_PHASE_STRIP = NO;
				DEBUG_INFORMATION_FORMAT = dwarf;
				ENABLE_STRICT_OBJC_MSGSEND = YES;
				ENABLE_TESTABILITY = YES;
				ENABLE_USER_SCRIPT_SANDBOXING = NO;
				GCC_C_LANGUAGE_STANDARD = gnu17;
				GCC_DYNAMIC_NO_PIC = NO;
				GCC_NO_COMMON_BLOCKS = YES;
				GCC_OPTIMIZATION_LEVEL = 0;
				GCC_PREPROCESSOR_DEFINITIONS = (
					"DEBUG=1",
					"$(inherited)",
				);
				GCC_WARN_64_TO_32_BIT_CONVERSION = YES;
				GCC_WARN_ABOUT_RETURN_TYPE = YES_ERROR;
				GCC_WARN_UNDECLARED_SELECTOR = YES;
				GCC_WARN_UNINITIALIZED_AUTOS = YES_AGGRESSIVE;
				GCC_WARN_UNUSED_FUNCTION = YES;
				GCC_WARN_UNUSED_VARIABLE = YES;
				IPHONEOS_DEPLOYMENT_TARGET = 17.2;
				LOCALIZATION_PREFERS_STRING_CATALOGS = YES;
				MTL_ENABLE_DEBUG_INFO = INCLUDE_SOURCE;
				MTL_FAST_MATH = YES;
				ONLY_ACTIVE_ARCH = YES;
				SDKROOT = iphoneos;
				SWIFT_ACTIVE_COMPILATION_CONDITIONS = "DEBUG $(inherited)";
				SWIFT_OPTIMIZATION_LEVEL = "-Onone";
			};
			name = Debug;
		};
		C3C808BC2BCD2A55006980D2 /* Release */ = {
			isa = XCBuildConfiguration;
			buildSettings = {
				ALWAYS_SEARCH_USER_PATHS = NO;
				ASSETCATALOG_COMPILER_GENERATE_SWIFT_ASSET_SYMBOL_EXTENSIONS = YES;
				CLANG_ANALYZER_LOCALIZABILITY_NONLOCALIZED = YES;
				CLANG_ANALYZER_NONNULL = YES;
				CLANG_ANALYZER_NUMBER_OBJECT_CONVERSION = YES_AGGRESSIVE;
				CLANG_CXX_LANGUAGE_STANDARD = "gnu++20";
				CLANG_ENABLE_MODULES = YES;
				CLANG_ENABLE_OBJC_ARC = YES;
				CLANG_ENABLE_OBJC_WEAK = YES;
				CLANG_WARN_BLOCK_CAPTURE_AUTORELEASING = YES;
				CLANG_WARN_BOOL_CONVERSION = YES;
				CLANG_WARN_COMMA = YES;
				CLANG_WARN_CONSTANT_CONVERSION = YES;
				CLANG_WARN_DEPRECATED_OBJC_IMPLEMENTATIONS = YES;
				CLANG_WARN_DIRECT_OBJC_ISA_USAGE = YES_ERROR;
				CLANG_WARN_DOCUMENTATION_COMMENTS = YES;
				CLANG_WARN_EMPTY_BODY = YES;
				CLANG_WARN_ENUM_CONVERSION = YES;
				CLANG_WARN_INFINITE_RECURSION = YES;
				CLANG_WARN_INT_CONVERSION = YES;
				CLANG_WARN_NON_LITERAL_NULL_CONVERSION = YES;
				CLANG_WARN_OBJC_IMPLICIT_RETAIN_SELF = YES;
				CLANG_WARN_OBJC_LITERAL_CONVERSION = YES;
				CLANG_WARN_OBJC_ROOT_CLASS = YES_ERROR;
				CLANG_WARN_QUOTED_INCLUDE_IN_FRAMEWORK_HEADER = YES;
				CLANG_WARN_RANGE_LOOP_ANALYSIS = YES;
				CLANG_WARN_STRICT_PROTOTYPES = YES;
				CLANG_WARN_SUSPICIOUS_MOVE = YES;
				CLANG_WARN_UNGUARDED_AVAILABILITY = YES_AGGRESSIVE;
				CLANG_WARN_UNREACHABLE_CODE = YES;
				CLANG_WARN__DUPLICATE_METHOD_MATCH = YES;
				COPY_PHASE_STRIP = NO;
				DEBUG_INFORMATION_FORMAT = "dwarf-with-dsym";
				ENABLE_NS_ASSERTIONS = NO;
				ENABLE_STRICT_OBJC_MSGSEND = YES;
				ENABLE_USER_SCRIPT_SANDBOXING = NO;
				GCC_C_LANGUAGE_STANDARD = gnu17;
				GCC_NO_COMMON_BLOCKS = YES;
				GCC_WARN_64_TO_32_BIT_CONVERSION = YES;
				GCC_WARN_ABOUT_RETURN_TYPE = YES_ERROR;
				GCC_WARN_UNDECLARED_SELECTOR = YES;
				GCC_WARN_UNINITIALIZED_AUTOS = YES_AGGRESSIVE;
				GCC_WARN_UNUSED_FUNCTION = YES;
				GCC_WARN_UNUSED_VARIABLE = YES;
				IPHONEOS_DEPLOYMENT_TARGET = 17.2;
				LOCALIZATION_PREFERS_STRING_CATALOGS = YES;
				MTL_ENABLE_DEBUG_INFO = NO;
				MTL_FAST_MATH = YES;
				SDKROOT = iphoneos;
				SWIFT_COMPILATION_MODE = wholemodule;
				VALIDATE_PRODUCT = YES;
			};
			name = Release;
		};
		C3C808BE2BCD2A55006980D2 /* Debug */ = {
			isa = XCBuildConfiguration;
			baseConfigurationReference = BFCA79EFC5750EBB9945F557 /* Pods-ClassicSwiftOne.debug.xcconfig */;
			buildSettings = {
				ALWAYS_EMBED_SWIFT_STANDARD_LIBRARIES = YES;
				ASSETCATALOG_COMPILER_APPICON_NAME = AppIcon;
				ASSETCATALOG_COMPILER_GLOBAL_ACCENT_COLOR_NAME = AccentColor;
				ASSETCATALOG_COMPILER_INCLUDE_ALL_APPICON_ASSETS = NO;
				CODE_SIGN_ENTITLEMENTS = ClassicSwiftOne/ClassicSwiftOne.entitlements;
				CODE_SIGN_STYLE = Automatic;
				CURRENT_PROJECT_VERSION = 1;
				DEVELOPMENT_TEAM = Z3DAN4GFKX;
				GENERATE_INFOPLIST_FILE = YES;
				INFOPLIST_FILE = ClassicSwiftOne/Info.plist;
				INFOPLIST_KEY_NSBluetoothAlwaysUsageDescription = "Our app uses bluetooth to find, connect and transfer data between different devices";
				INFOPLIST_KEY_UIApplicationSupportsIndirectInputEvents = YES;
				INFOPLIST_KEY_UILaunchStoryboardName = LaunchScreen.storyboard;
				INFOPLIST_KEY_UIMainStoryboardFile = "";
				INFOPLIST_KEY_UISupportedInterfaceOrientations = "UIInterfaceOrientationPortrait UIInterfaceOrientationLandscapeLeft UIInterfaceOrientationLandscapeRight";
				INFOPLIST_KEY_UISupportedInterfaceOrientations_iPad = "UIInterfaceOrientationPortrait UIInterfaceOrientationPortraitUpsideDown UIInterfaceOrientationLandscapeLeft UIInterfaceOrientationLandscapeRight";
				INFOPLIST_KEY_UISupportedInterfaceOrientations_iPhone = "UIInterfaceOrientationPortrait UIInterfaceOrientationLandscapeLeft UIInterfaceOrientationLandscapeRight";
				IPHONEOS_DEPLOYMENT_TARGET = 17.2;
				LD_RUNPATH_SEARCH_PATHS = (
					"$(inherited)",
					"@executable_path/Frameworks",
				);
				MARKETING_VERSION = 1.0;
				PRODUCT_BUNDLE_IDENTIFIER = com.learningswift.ClassicSwiftOne;
				PRODUCT_NAME = "$(TARGET_NAME)";
				SWIFT_EMIT_LOC_STRINGS = YES;
				SWIFT_VERSION = 5.0;
				TARGETED_DEVICE_FAMILY = "1,2";
			};
			name = Debug;
		};
		C3C808BF2BCD2A55006980D2 /* Release */ = {
			isa = XCBuildConfiguration;
			baseConfigurationReference = A0CD6A218F0004CB57853CE6 /* Pods-ClassicSwiftOne.release.xcconfig */;
			buildSettings = {
				ALWAYS_EMBED_SWIFT_STANDARD_LIBRARIES = YES;
				ASSETCATALOG_COMPILER_APPICON_NAME = AppIcon;
				ASSETCATALOG_COMPILER_GLOBAL_ACCENT_COLOR_NAME = AccentColor;
				ASSETCATALOG_COMPILER_INCLUDE_ALL_APPICON_ASSETS = NO;
				CODE_SIGN_ENTITLEMENTS = ClassicSwiftOne/ClassicSwiftOne.entitlements;
				CODE_SIGN_STYLE = Automatic;
				CURRENT_PROJECT_VERSION = 1;
				DEVELOPMENT_TEAM = Z3DAN4GFKX;
				GENERATE_INFOPLIST_FILE = YES;
				INFOPLIST_FILE = ClassicSwiftOne/Info.plist;
				INFOPLIST_KEY_NSBluetoothAlwaysUsageDescription = "Our app uses bluetooth to find, connect and transfer data between different devices";
				INFOPLIST_KEY_UIApplicationSupportsIndirectInputEvents = YES;
				INFOPLIST_KEY_UILaunchStoryboardName = LaunchScreen.storyboard;
				INFOPLIST_KEY_UIMainStoryboardFile = "";
				INFOPLIST_KEY_UISupportedInterfaceOrientations = "UIInterfaceOrientationPortrait UIInterfaceOrientationLandscapeLeft UIInterfaceOrientationLandscapeRight";
				INFOPLIST_KEY_UISupportedInterfaceOrientations_iPad = "UIInterfaceOrientationPortrait UIInterfaceOrientationPortraitUpsideDown UIInterfaceOrientationLandscapeLeft UIInterfaceOrientationLandscapeRight";
				INFOPLIST_KEY_UISupportedInterfaceOrientations_iPhone = "UIInterfaceOrientationPortrait UIInterfaceOrientationLandscapeLeft UIInterfaceOrientationLandscapeRight";
				IPHONEOS_DEPLOYMENT_TARGET = 17.2;
				LD_RUNPATH_SEARCH_PATHS = (
					"$(inherited)",
					"@executable_path/Frameworks",
				);
				MARKETING_VERSION = 1.0;
				PRODUCT_BUNDLE_IDENTIFIER = com.learningswift.ClassicSwiftOne;
				PRODUCT_NAME = "$(TARGET_NAME)";
				SWIFT_EMIT_LOC_STRINGS = YES;
				SWIFT_VERSION = 5.0;
				TARGETED_DEVICE_FAMILY = "1,2";
			};
			name = Release;
		};
		C3D0239B2BFF38540015A2A2 /* Debug */ = {
			isa = XCBuildConfiguration;
			buildSettings = {
				CODE_SIGN_ENTITLEMENTS = BackgroundDownloadSample/BackgroundDownloadSample.entitlements;
				CODE_SIGN_STYLE = Automatic;
				CURRENT_PROJECT_VERSION = 1;
				DEVELOPMENT_TEAM = Z3DAN4GFKX;
				ENABLE_USER_SCRIPT_SANDBOXING = YES;
				GENERATE_INFOPLIST_FILE = YES;
				INFOPLIST_FILE = BackgroundDownloadSample/Info.plist;
				INFOPLIST_KEY_CFBundleDisplayName = BackgroundDownloadSample;
				INFOPLIST_KEY_NSHumanReadableCopyright = "";
				LD_RUNPATH_SEARCH_PATHS = (
					"$(inherited)",
					"@executable_path/Frameworks",
					"@executable_path/../../Frameworks",
				);
				MARKETING_VERSION = 1.0;
				PRODUCT_BUNDLE_IDENTIFIER = com.learningswift.ClassicSwiftOne.BackgroundDownloadSample;
				PRODUCT_NAME = "$(TARGET_NAME)";
				SKIP_INSTALL = YES;
				SWIFT_EMIT_LOC_STRINGS = YES;
				SWIFT_VERSION = 5.0;
				TARGETED_DEVICE_FAMILY = "1,2";
			};
			name = Debug;
		};
		C3D0239C2BFF38540015A2A2 /* Release */ = {
			isa = XCBuildConfiguration;
			buildSettings = {
				CODE_SIGN_ENTITLEMENTS = BackgroundDownloadSample/BackgroundDownloadSample.entitlements;
				CODE_SIGN_STYLE = Automatic;
				CURRENT_PROJECT_VERSION = 1;
				DEVELOPMENT_TEAM = Z3DAN4GFKX;
				ENABLE_USER_SCRIPT_SANDBOXING = YES;
				GENERATE_INFOPLIST_FILE = YES;
				INFOPLIST_FILE = BackgroundDownloadSample/Info.plist;
				INFOPLIST_KEY_CFBundleDisplayName = BackgroundDownloadSample;
				INFOPLIST_KEY_NSHumanReadableCopyright = "";
				LD_RUNPATH_SEARCH_PATHS = (
					"$(inherited)",
					"@executable_path/Frameworks",
					"@executable_path/../../Frameworks",
				);
				MARKETING_VERSION = 1.0;
				PRODUCT_BUNDLE_IDENTIFIER = com.learningswift.ClassicSwiftOne.BackgroundDownloadSample;
				PRODUCT_NAME = "$(TARGET_NAME)";
				SKIP_INSTALL = YES;
				SWIFT_EMIT_LOC_STRINGS = YES;
				SWIFT_VERSION = 5.0;
				TARGETED_DEVICE_FAMILY = "1,2";
			};
			name = Release;
		};
		C3D023AB2C04BD9B0015A2A2 /* Debug */ = {
			isa = XCBuildConfiguration;
			buildSettings = {
				BUNDLE_LOADER = "$(TEST_HOST)";
				CODE_SIGN_STYLE = Automatic;
				CURRENT_PROJECT_VERSION = 1;
				DEVELOPMENT_TEAM = Z3DAN4GFKX;
				ENABLE_USER_SCRIPT_SANDBOXING = YES;
				GENERATE_INFOPLIST_FILE = YES;
				MARKETING_VERSION = 1.0;
				PRODUCT_BUNDLE_IDENTIFIER = com.learningswift.UnitTests;
				PRODUCT_NAME = "$(TARGET_NAME)";
				SWIFT_EMIT_LOC_STRINGS = NO;
				SWIFT_VERSION = 5.0;
				TARGETED_DEVICE_FAMILY = "1,2";
				TEST_HOST = "$(BUILT_PRODUCTS_DIR)/ClassicSwiftOne.app/$(BUNDLE_EXECUTABLE_FOLDER_PATH)/ClassicSwiftOne";
			};
			name = Debug;
		};
		C3D023AC2C04BD9B0015A2A2 /* Release */ = {
			isa = XCBuildConfiguration;
			buildSettings = {
				BUNDLE_LOADER = "$(TEST_HOST)";
				CODE_SIGN_STYLE = Automatic;
				CURRENT_PROJECT_VERSION = 1;
				DEVELOPMENT_TEAM = Z3DAN4GFKX;
				ENABLE_USER_SCRIPT_SANDBOXING = YES;
				GENERATE_INFOPLIST_FILE = YES;
				MARKETING_VERSION = 1.0;
				PRODUCT_BUNDLE_IDENTIFIER = com.learningswift.UnitTests;
				PRODUCT_NAME = "$(TARGET_NAME)";
				SWIFT_EMIT_LOC_STRINGS = NO;
				SWIFT_VERSION = 5.0;
				TARGETED_DEVICE_FAMILY = "1,2";
				TEST_HOST = "$(BUILT_PRODUCTS_DIR)/ClassicSwiftOne.app/$(BUNDLE_EXECUTABLE_FOLDER_PATH)/ClassicSwiftOne";
			};
			name = Release;
		};
		C3D023BA2C0766BE0015A2A2 /* Debug */ = {
			isa = XCBuildConfiguration;
			buildSettings = {
				CODE_SIGN_STYLE = Automatic;
				CURRENT_PROJECT_VERSION = 1;
				DEVELOPMENT_TEAM = Z3DAN4GFKX;
				ENABLE_USER_SCRIPT_SANDBOXING = YES;
				GENERATE_INFOPLIST_FILE = YES;
				MARKETING_VERSION = 1.0;
				PRODUCT_BUNDLE_IDENTIFIER = com.learningswift.ClassicSwiftOneUITests;
				PRODUCT_NAME = "$(TARGET_NAME)";
				SWIFT_EMIT_LOC_STRINGS = NO;
				SWIFT_VERSION = 5.0;
				TARGETED_DEVICE_FAMILY = "1,2";
				TEST_TARGET_NAME = ClassicSwiftOne;
			};
			name = Debug;
		};
		C3D023BB2C0766BE0015A2A2 /* Release */ = {
			isa = XCBuildConfiguration;
			buildSettings = {
				CODE_SIGN_STYLE = Automatic;
				CURRENT_PROJECT_VERSION = 1;
				DEVELOPMENT_TEAM = Z3DAN4GFKX;
				ENABLE_USER_SCRIPT_SANDBOXING = YES;
				GENERATE_INFOPLIST_FILE = YES;
				MARKETING_VERSION = 1.0;
				PRODUCT_BUNDLE_IDENTIFIER = com.learningswift.ClassicSwiftOneUITests;
				PRODUCT_NAME = "$(TARGET_NAME)";
				SWIFT_EMIT_LOC_STRINGS = NO;
				SWIFT_VERSION = 5.0;
				TARGETED_DEVICE_FAMILY = "1,2";
				TEST_TARGET_NAME = ClassicSwiftOne;
			};
			name = Release;
		};
/* End XCBuildConfiguration section */

/* Begin XCConfigurationList section */
		C3C808A42BCD2A53006980D2 /* Build configuration list for PBXProject "ClassicSwiftOne" */ = {
			isa = XCConfigurationList;
			buildConfigurations = (
				C3C808BB2BCD2A55006980D2 /* Debug */,
				C3C808BC2BCD2A55006980D2 /* Release */,
			);
			defaultConfigurationIsVisible = 0;
			defaultConfigurationName = Release;
		};
		C3C808BD2BCD2A55006980D2 /* Build configuration list for PBXNativeTarget "ClassicSwiftOne" */ = {
			isa = XCConfigurationList;
			buildConfigurations = (
				C3C808BE2BCD2A55006980D2 /* Debug */,
				C3C808BF2BCD2A55006980D2 /* Release */,
			);
			defaultConfigurationIsVisible = 0;
			defaultConfigurationName = Release;
		};
		C3D0239A2BFF38540015A2A2 /* Build configuration list for PBXNativeTarget "BackgroundDownloadSample" */ = {
			isa = XCConfigurationList;
			buildConfigurations = (
				C3D0239B2BFF38540015A2A2 /* Debug */,
				C3D0239C2BFF38540015A2A2 /* Release */,
			);
			defaultConfigurationIsVisible = 0;
			defaultConfigurationName = Release;
		};
		C3D023AA2C04BD9B0015A2A2 /* Build configuration list for PBXNativeTarget "UnitTests" */ = {
			isa = XCConfigurationList;
			buildConfigurations = (
				C3D023AB2C04BD9B0015A2A2 /* Debug */,
				C3D023AC2C04BD9B0015A2A2 /* Release */,
			);
			defaultConfigurationIsVisible = 0;
			defaultConfigurationName = Release;
		};
		C3D023B92C0766BE0015A2A2 /* Build configuration list for PBXNativeTarget "ClassicSwiftOneUITests" */ = {
			isa = XCConfigurationList;
			buildConfigurations = (
				C3D023BA2C0766BE0015A2A2 /* Debug */,
				C3D023BB2C0766BE0015A2A2 /* Release */,
			);
			defaultConfigurationIsVisible = 0;
			defaultConfigurationName = Release;
		};
/* End XCConfigurationList section */

/* Begin XCRemoteSwiftPackageReference section */
		C3F08A222C32A09500B7431D /* XCRemoteSwiftPackageReference "swift-algorithms" */ = {
			isa = XCRemoteSwiftPackageReference;
			repositoryURL = "https://github.com/apple/swift-algorithms.git";
			requirement = {
				kind = upToNextMajorVersion;
				minimumVersion = 1.2.0;
			};
		};
		C3F08A232C32A0E600B7431D /* XCRemoteSwiftPackageReference "swift-collections" */ = {
			isa = XCRemoteSwiftPackageReference;
			repositoryURL = "https://github.com/apple/swift-collections.git";
			requirement = {
				kind = upToNextMajorVersion;
				minimumVersion = 1.1.1;
			};
		};
/* End XCRemoteSwiftPackageReference section */

/* Begin XCVersionGroup section */
		C3FBDC082BF6328C009CB168 /* CoreDataModel.xcdatamodeld */ = {
			isa = XCVersionGroup;
			children = (
				C3FBDC092BF6328C009CB168 /* CoreDataModel.xcdatamodel */,
			);
			currentVersion = C3FBDC092BF6328C009CB168 /* CoreDataModel.xcdatamodel */;
			path = CoreDataModel.xcdatamodeld;
			sourceTree = "<group>";
			versionGroupType = wrapper.xcdatamodel;
		};
/* End XCVersionGroup section */
	};
	rootObject = C3C808A12BCD2A53006980D2 /* Project object */;
}
